<?xml version="1.0" encoding="utf-8"?>
<Project ToolsVersion="4.0" xmlns="http://schemas.microsoft.com/developer/msbuild/2003">
  <ItemGroup>
    <Filter Include="Source Files">
      <UniqueIdentifier>{4FC737F1-C7A5-4376-A066-2A32D752A2FF}</UniqueIdentifier>
      <Extensions>cpp;c;cc;cxx;c++;cppm;ixx;def;odl;idl;hpj;bat;asm;asmx</Extensions>
    </Filter>
    <Filter Include="Header Files">
      <UniqueIdentifier>{93995380-89BD-4b04-88EB-625FBE52EBFB}</UniqueIdentifier>
      <Extensions>h;hh;hpp;hxx;h++;hm;inl;inc;ipp;xsd</Extensions>
    </Filter>
    <Filter Include="Resource Files">
      <UniqueIdentifier>{67DA6AB6-F800-4c08-8B7A-83BB121AAD01}</UniqueIdentifier>
      <Extensions>rc;ico;cur;bmp;dlg;rc2;rct;bin;rgs;gif;jpg;jpeg;jpe;resx;tiff;tif;png;wav;mfcribbon-ms</Extensions>
    </Filter>
    <Filter Include="Main">
      <UniqueIdentifier>{b75738e5-7c75-4d0d-92e7-788af738deff}</UniqueIdentifier>
    </Filter>
    <Filter Include="Engine">
      <UniqueIdentifier>{d6b4f5ee-bcf4-4ac1-839b-a4694019a14d}</UniqueIdentifier>
    </Filter>
    <Filter Include="Engine\Window">
      <UniqueIdentifier>{e694ed91-5f42-4ccc-bf79-29e823895b5a}</UniqueIdentifier>
    </Filter>
    <Filter Include="Engine\Game">
      <UniqueIdentifier>{afea9652-3cf2-4892-ae5e-cf0df86a71d8}</UniqueIdentifier>
    </Filter>
  </ItemGroup>
  <ItemGroup>
    <ClInclude Include="Window.h">
      <Filter>Engine\Window</Filter>
    </ClInclude>
    <ClInclude Include="Game.h">
      <Filter>Engine\Game</Filter>
    </ClInclude>
  </ItemGroup>
  <ItemGroup>
    <ClCompile Include="Window.cpp">
      <Filter>Engine\Window</Filter>
    </ClCompile>
    <ClCompile Include="main.cpp">
      <Filter>Main</Filter>
    </ClCompile>
    <ClCompile Include="Game.cpp">
      <Filter>Engine\Game</Filter>
    </ClCompile>
  </ItemGroup>
</Project>